
Microsoft Visual Studio Solution File, Format Version 12.00
# Visual Studio Version 16
VisualStudioVersion = 16.0.29613.14
MinimumVisualStudioVersion = 10.0.40219.1
Project("{FAE04EC0-301F-11D3-BF4B-00C04F79EFBC}") = "PrimalHealthGroup", "PrimalHealthGroup\PrimalHealthGroup.csproj", "{12C1BB11-90B6-45F2-A6DB-297360D2197F}"
EndProject
Global
	GlobalSection(SolutionConfigurationPlatforms) = preSolution
		Debug|Any CPU = Debug|Any CPU
		Release|Any CPU = Release|Any CPU
	EndGlobalSection
	GlobalSection(ProjectConfigurationPlatforms) = postSolution
		{12C1BB11-90B6-45F2-A6DB-297360D2197F}.Debug|Any CPU.ActiveCfg = Debug|Any CPU
		{12C1BB11-90B6-45F2-A6DB-297360D2197F}.Debug|Any CPU.Build.0 = Debug|Any CPU
		{12C1BB11-90B6-45F2-A6DB-297360D2197F}.Release|Any CPU.ActiveCfg = Release|Any CPU
		{12C1BB11-90B6-45F2-A6DB-297360D2197F}.Release|Any CPU.Build.0 = Release|Any CPU
	EndGlobalSection
	GlobalSection(SolutionProperties) = preSolution
		HideSolutionNode = FALSE
	EndGlobalSection
	GlobalSection(ExtensibilityGlobals) = postSolution
		SolutionGuid = {A4C05461-650C-443A-8B23-4FE553363485}
	EndGlobalSection
EndGlobal
